// !$*UTF8*$!
{
	archiveVersion = 1;
	classes = {
	};
	objectVersion = 56;
	objects = {

/* Begin PBXBuildFile section */
		B60296912B7A15340039B86A /* AppFlatTabViewItem.swift in Sources */ = {isa = PBXBuildFile; fileRef = B60296902B7A15340039B86A /* AppFlatTabViewItem.swift */; };
		B60D7C712B7CBCB900567808 /* DetailView.swift in Sources */ = {isa = PBXBuildFile; fileRef = B60D7C702B7CBCB900567808 /* DetailView.swift */; };
		B64DB4D52B7A20C60006660D /* ExploreView.swift in Sources */ = {isa = PBXBuildFile; fileRef = B64DB4D42B7A20C60006660D /* ExploreView.swift */; };
		B65522D32B7B80F800E10DFD /* AppCardCarousel.swift in Sources */ = {isa = PBXBuildFile; fileRef = B65522D22B7B80F800E10DFD /* AppCardCarousel.swift */; };
		B65C32ED2B7E08F300496DC8 /* AppTabViewCorner.swift in Sources */ = {isa = PBXBuildFile; fileRef = B65C32EC2B7E08F300496DC8 /* AppTabViewCorner.swift */; };
		B662240F2B7DFDC50081D366 /* AppCircleTabViewItem.swift in Sources */ = {isa = PBXBuildFile; fileRef = B662240E2B7DFDC50081D366 /* AppCircleTabViewItem.swift */; };
		B66224132B7DFE5A0081D366 /* AppTabViewCategory.swift in Sources */ = {isa = PBXBuildFile; fileRef = B66224122B7DFE5A0081D366 /* AppTabViewCategory.swift */; };
		B66A42C42B74D765004568DD /* OnboardingUtils.swift in Sources */ = {isa = PBXBuildFile; fileRef = B66A42C32B74D765004568DD /* OnboardingUtils.swift */; };
		B66A42C62B74E540004568DD /* AppButton.swift in Sources */ = {isa = PBXBuildFile; fileRef = B66A42C52B74E540004568DD /* AppButton.swift */; };
		B67257672B7E14CB00EC12AE /* AppTabBarUtils.swift in Sources */ = {isa = PBXBuildFile; fileRef = B67257662B7E14CA00EC12AE /* AppTabBarUtils.swift */; };
		B68EACE02B7A1C3000F30CAE /* AccountView.swift in Sources */ = {isa = PBXBuildFile; fileRef = B68EACDF2B7A1C3000F30CAE /* AccountView.swift */; };
		B68EACE22B7A1C3D00F30CAE /* FavoritesView.swift in Sources */ = {isa = PBXBuildFile; fileRef = B68EACE12B7A1C3D00F30CAE /* FavoritesView.swift */; };
		B69C5A662B74C3FB00059D36 /* Inject in Frameworks */ = {isa = PBXBuildFile; productRef = B69C5A652B74C3FB00059D36 /* Inject */; };
		B6ABF5DA2B74CFA7008AA872 /* OnboardingView.swift in Sources */ = {isa = PBXBuildFile; fileRef = B6ABF5D92B74CFA7008AA872 /* OnboardingView.swift */; };
		B6D1D9A02B80AE99006302FA /* DashboardView.swift in Sources */ = {isa = PBXBuildFile; fileRef = B6D1D99F2B80AE99006302FA /* DashboardView.swift */; };
		B6D9B14C2B74B8B700B1EAF6 /* Space_NewsApp.swift in Sources */ = {isa = PBXBuildFile; fileRef = B6D9B14B2B74B8B700B1EAF6 /* Space_NewsApp.swift */; };
		B6D9B1502B74B8B900B1EAF6 /* Assets.xcassets in Resources */ = {isa = PBXBuildFile; fileRef = B6D9B14F2B74B8B900B1EAF6 /* Assets.xcassets */; };
		B6D9B1532B74B8B900B1EAF6 /* Preview Assets.xcassets in Resources */ = {isa = PBXBuildFile; fileRef = B6D9B1522B74B8B900B1EAF6 /* Preview Assets.xcassets */; };
		B6D9B1552B74B8B900B1EAF6 /* Persistence.swift in Sources */ = {isa = PBXBuildFile; fileRef = B6D9B1542B74B8B900B1EAF6 /* Persistence.swift */; };
		B6D9B1582B74B8B900B1EAF6 /* Space_News.xcdatamodeld in Sources */ = {isa = PBXBuildFile; fileRef = B6D9B1562B74B8B900B1EAF6 /* Space_News.xcdatamodeld */; };
		B6D9B1622B74B8BA00B1EAF6 /* Space_NewsTests.swift in Sources */ = {isa = PBXBuildFile; fileRef = B6D9B1612B74B8BA00B1EAF6 /* Space_NewsTests.swift */; };
		B6D9B16C2B74B8BA00B1EAF6 /* Space_NewsUITests.swift in Sources */ = {isa = PBXBuildFile; fileRef = B6D9B16B2B74B8BA00B1EAF6 /* Space_NewsUITests.swift */; };
		B6D9B16E2B74B8BA00B1EAF6 /* Space_NewsUITestsLaunchTests.swift in Sources */ = {isa = PBXBuildFile; fileRef = B6D9B16D2B74B8BA00B1EAF6 /* Space_NewsUITestsLaunchTests.swift */; };
		B6E1EBF82B7B7CC2008A69DD /* NewsCategory.swift in Sources */ = {isa = PBXBuildFile; fileRef = B6E1EBF72B7B7CC2008A69DD /* NewsCategory.swift */; };
		B6F8AEC62B78B7B300B03F16 /* InitialView.swift in Sources */ = {isa = PBXBuildFile; fileRef = B6F8AEC52B78B7B300B03F16 /* InitialView.swift */; };
		B6F8AECC2B78B7ED00B03F16 /* HomeView.swift in Sources */ = {isa = PBXBuildFile; fileRef = B6F8AECB2B78B7ED00B03F16 /* HomeView.swift */; };
/* End PBXBuildFile section */

/* Begin PBXContainerItemProxy section */
		B6D9B15E2B74B8BA00B1EAF6 /* PBXContainerItemProxy */ = {
			isa = PBXContainerItemProxy;
			containerPortal = B6D9B1402B74B8B700B1EAF6 /* Project object */;
			proxyType = 1;
			remoteGlobalIDString = B6D9B1472B74B8B700B1EAF6;
			remoteInfo = "Space News";
		};
		B6D9B1682B74B8BA00B1EAF6 /* PBXContainerItemProxy */ = {
			isa = PBXContainerItemProxy;
			containerPortal = B6D9B1402B74B8B700B1EAF6 /* Project object */;
			proxyType = 1;
			remoteGlobalIDString = B6D9B1472B74B8B700B1EAF6;
			remoteInfo = "Space News";
		};
/* End PBXContainerItemProxy section */

/* Begin PBXFileReference section */
		B60296902B7A15340039B86A /* AppFlatTabViewItem.swift */ = {isa = PBXFileReference; lastKnownFileType = sourcecode.swift; path = AppFlatTabViewItem.swift; sourceTree = "<group>"; };
		B60D7C702B7CBCB900567808 /* DetailView.swift */ = {isa = PBXFileReference; lastKnownFileType = sourcecode.swift; path = DetailView.swift; sourceTree = "<group>"; };
		B64DB4D42B7A20C60006660D /* ExploreView.swift */ = {isa = PBXFileReference; lastKnownFileType = sourcecode.swift; path = ExploreView.swift; sourceTree = "<group>"; };
		B65522D22B7B80F800E10DFD /* AppCardCarousel.swift */ = {isa = PBXFileReference; lastKnownFileType = sourcecode.swift; path = AppCardCarousel.swift; sourceTree = "<group>"; };
		B65C32EC2B7E08F300496DC8 /* AppTabViewCorner.swift */ = {isa = PBXFileReference; lastKnownFileType = sourcecode.swift; path = AppTabViewCorner.swift; sourceTree = "<group>"; };
		B662240E2B7DFDC50081D366 /* AppCircleTabViewItem.swift */ = {isa = PBXFileReference; lastKnownFileType = sourcecode.swift; path = AppCircleTabViewItem.swift; sourceTree = "<group>"; };
		B66224122B7DFE5A0081D366 /* AppTabViewCategory.swift */ = {isa = PBXFileReference; lastKnownFileType = sourcecode.swift; path = AppTabViewCategory.swift; sourceTree = "<group>"; };
		B66A42C32B74D765004568DD /* OnboardingUtils.swift */ = {isa = PBXFileReference; lastKnownFileType = sourcecode.swift; path = OnboardingUtils.swift; sourceTree = "<group>"; };
		B66A42C52B74E540004568DD /* AppButton.swift */ = {isa = PBXFileReference; lastKnownFileType = sourcecode.swift; path = AppButton.swift; sourceTree = "<group>"; };
		B67257662B7E14CA00EC12AE /* AppTabBarUtils.swift */ = {isa = PBXFileReference; lastKnownFileType = sourcecode.swift; path = AppTabBarUtils.swift; sourceTree = "<group>"; };
		B68EACDF2B7A1C3000F30CAE /* AccountView.swift */ = {isa = PBXFileReference; lastKnownFileType = sourcecode.swift; path = AccountView.swift; sourceTree = "<group>"; };
		B68EACE12B7A1C3D00F30CAE /* FavoritesView.swift */ = {isa = PBXFileReference; lastKnownFileType = sourcecode.swift; path = FavoritesView.swift; sourceTree = "<group>"; };
		B6ABF5D92B74CFA7008AA872 /* OnboardingView.swift */ = {isa = PBXFileReference; lastKnownFileType = sourcecode.swift; path = OnboardingView.swift; sourceTree = "<group>"; };
		B6D1D99F2B80AE99006302FA /* DashboardView.swift */ = {isa = PBXFileReference; lastKnownFileType = sourcecode.swift; path = DashboardView.swift; sourceTree = "<group>"; };
		B6D9B1482B74B8B700B1EAF6 /* Space News.app */ = {isa = PBXFileReference; explicitFileType = wrapper.application; includeInIndex = 0; path = "Space News.app"; sourceTree = BUILT_PRODUCTS_DIR; };
		B6D9B14B2B74B8B700B1EAF6 /* Space_NewsApp.swift */ = {isa = PBXFileReference; lastKnownFileType = sourcecode.swift; path = Space_NewsApp.swift; sourceTree = "<group>"; };
		B6D9B14F2B74B8B900B1EAF6 /* Assets.xcassets */ = {isa = PBXFileReference; lastKnownFileType = folder.assetcatalog; path = Assets.xcassets; sourceTree = "<group>"; };
		B6D9B1522B74B8B900B1EAF6 /* Preview Assets.xcassets */ = {isa = PBXFileReference; lastKnownFileType = folder.assetcatalog; path = "Preview Assets.xcassets"; sourceTree = "<group>"; };
		B6D9B1542B74B8B900B1EAF6 /* Persistence.swift */ = {isa = PBXFileReference; lastKnownFileType = sourcecode.swift; path = Persistence.swift; sourceTree = "<group>"; };
		B6D9B1572B74B8B900B1EAF6 /* Space_News.xcdatamodel */ = {isa = PBXFileReference; lastKnownFileType = wrapper.xcdatamodel; path = Space_News.xcdatamodel; sourceTree = "<group>"; };
		B6D9B15D2B74B8BA00B1EAF6 /* Space NewsTests.xctest */ = {isa = PBXFileReference; explicitFileType = wrapper.cfbundle; includeInIndex = 0; path = "Space NewsTests.xctest"; sourceTree = BUILT_PRODUCTS_DIR; };
		B6D9B1612B74B8BA00B1EAF6 /* Space_NewsTests.swift */ = {isa = PBXFileReference; lastKnownFileType = sourcecode.swift; path = Space_NewsTests.swift; sourceTree = "<group>"; };
		B6D9B1672B74B8BA00B1EAF6 /* Space NewsUITests.xctest */ = {isa = PBXFileReference; explicitFileType = wrapper.cfbundle; includeInIndex = 0; path = "Space NewsUITests.xctest"; sourceTree = BUILT_PRODUCTS_DIR; };
		B6D9B16B2B74B8BA00B1EAF6 /* Space_NewsUITests.swift */ = {isa = PBXFileReference; lastKnownFileType = sourcecode.swift; path = Space_NewsUITests.swift; sourceTree = "<group>"; };
		B6D9B16D2B74B8BA00B1EAF6 /* Space_NewsUITestsLaunchTests.swift */ = {isa = PBXFileReference; lastKnownFileType = sourcecode.swift; path = Space_NewsUITestsLaunchTests.swift; sourceTree = "<group>"; };
		B6E1EBF72B7B7CC2008A69DD /* NewsCategory.swift */ = {isa = PBXFileReference; lastKnownFileType = sourcecode.swift; path = NewsCategory.swift; sourceTree = "<group>"; };
		B6F8AEC52B78B7B300B03F16 /* InitialView.swift */ = {isa = PBXFileReference; lastKnownFileType = sourcecode.swift; path = InitialView.swift; sourceTree = "<group>"; };
		B6F8AECB2B78B7ED00B03F16 /* HomeView.swift */ = {isa = PBXFileReference; lastKnownFileType = sourcecode.swift; path = HomeView.swift; sourceTree = "<group>"; };
/* End PBXFileReference section */

/* Begin PBXFrameworksBuildPhase section */
		B6D9B1452B74B8B700B1EAF6 /* Frameworks */ = {
			isa = PBXFrameworksBuildPhase;
			buildActionMask = 2147483647;
			files = (
				B69C5A662B74C3FB00059D36 /* Inject in Frameworks */,
			);
			runOnlyForDeploymentPostprocessing = 0;
		};
		B6D9B15A2B74B8BA00B1EAF6 /* Frameworks */ = {
			isa = PBXFrameworksBuildPhase;
			buildActionMask = 2147483647;
			files = (
			);
			runOnlyForDeploymentPostprocessing = 0;
		};
		B6D9B1642B74B8BA00B1EAF6 /* Frameworks */ = {
			isa = PBXFrameworksBuildPhase;
			buildActionMask = 2147483647;
			files = (
			);
			runOnlyForDeploymentPostprocessing = 0;
		};
/* End PBXFrameworksBuildPhase section */

/* Begin PBXGroup section */
		B602968A2B7A13360039B86A /* Dashboard */ = {
			isa = PBXGroup;
			children = (
				B602968D2B7A134B0039B86A /* Views */,
				B602968C2B7A13460039B86A /* ViewModels */,
				B602968B2B7A133E0039B86A /* Models */,
			);
			path = Dashboard;
			sourceTree = "<group>";
		};
		B602968B2B7A133E0039B86A /* Models */ = {
			isa = PBXGroup;
			children = (
			);
			path = Models;
			sourceTree = "<group>";
		};
		B602968C2B7A13460039B86A /* ViewModels */ = {
			isa = PBXGroup;
			children = (
			);
			path = ViewModels;
			sourceTree = "<group>";
		};
		B602968D2B7A134B0039B86A /* Views */ = {
			isa = PBXGroup;
			children = (
				B6D1D99F2B80AE99006302FA /* DashboardView.swift */,
			);
			path = Views;
			sourceTree = "<group>";
		};
		B64DB4D32B7A20BA0006660D /* Views */ = {
			isa = PBXGroup;
			children = (
				B64DB4D42B7A20C60006660D /* ExploreView.swift */,
			);
			path = Views;
			sourceTree = "<group>";
		};
		B68EACD72B7A1B8100F30CAE /* Favorites */ = {
			isa = PBXGroup;
			children = (
				B68EACDA2B7A1BA500F30CAE /* Views */,
				B68EACD92B7A1B9C00F30CAE /* ViewModels */,
				B68EACD82B7A1B9700F30CAE /* Models */,
			);
			path = Favorites;
			sourceTree = "<group>";
		};
		B68EACD82B7A1B9700F30CAE /* Models */ = {
			isa = PBXGroup;
			children = (
			);
			path = Models;
			sourceTree = "<group>";
		};
		B68EACD92B7A1B9C00F30CAE /* ViewModels */ = {
			isa = PBXGroup;
			children = (
			);
			path = ViewModels;
			sourceTree = "<group>";
		};
		B68EACDA2B7A1BA500F30CAE /* Views */ = {
			isa = PBXGroup;
			children = (
				B68EACE12B7A1C3D00F30CAE /* FavoritesView.swift */,
			);
			path = Views;
			sourceTree = "<group>";
		};
		B68EACDB2B7A1BAE00F30CAE /* Account */ = {
			isa = PBXGroup;
			children = (
				B68EACDE2B7A1BCE00F30CAE /* Views */,
				B68EACDD2B7A1BC900F30CAE /* ViewModels */,
				B68EACDC2B7A1BC200F30CAE /* Models */,
			);
			path = Account;
			sourceTree = "<group>";
		};
		B68EACDC2B7A1BC200F30CAE /* Models */ = {
			isa = PBXGroup;
			children = (
			);
			path = Models;
			sourceTree = "<group>";
		};
		B68EACDD2B7A1BC900F30CAE /* ViewModels */ = {
			isa = PBXGroup;
			children = (
			);
			path = ViewModels;
			sourceTree = "<group>";
		};
		B68EACDE2B7A1BCE00F30CAE /* Views */ = {
			isa = PBXGroup;
			children = (
				B68EACDF2B7A1C3000F30CAE /* AccountView.swift */,
			);
			path = Views;
			sourceTree = "<group>";
		};
		B69C5A5D2B74C26D00059D36 /* Application */ = {
			isa = PBXGroup;
			children = (
				B6D9B14B2B74B8B700B1EAF6 /* Space_NewsApp.swift */,
			);
			path = Application;
			sourceTree = "<group>";
		};
		B69C5A5E2B74C27400059D36 /* DataSources */ = {
			isa = PBXGroup;
			children = (
				B69C5A632B74C2AA00059D36 /* CoreData */,
				B69C5A622B74C2A500059D36 /* API */,
			);
			path = DataSources;
			sourceTree = "<group>";
		};
		B69C5A5F2B74C27B00059D36 /* Features */ = {
			isa = PBXGroup;
			children = (
				B68EACDB2B7A1BAE00F30CAE /* Account */,
				B68EACD72B7A1B8100F30CAE /* Favorites */,
				B6BFC3C82B7A19DC00AE7D83 /* Explore */,
				B602968A2B7A13360039B86A /* Dashboard */,
				B6F8AEC72B78B7C400B03F16 /* Home */,
				B6F8AEC12B78B78A00B03F16 /* Initial */,
				B6ABF5D52B74CF72008AA872 /* Onboarding */,
			);
			path = Features;
			sourceTree = "<group>";
		};
		B69C5A602B74C28200059D36 /* Utilities */ = {
			isa = PBXGroup;
			children = (
				B66A42C52B74E540004568DD /* AppButton.swift */,
				B60296902B7A15340039B86A /* AppFlatTabViewItem.swift */,
				B65522D22B7B80F800E10DFD /* AppCardCarousel.swift */,
				B662240E2B7DFDC50081D366 /* AppCircleTabViewItem.swift */,
				B66224122B7DFE5A0081D366 /* AppTabViewCategory.swift */,
				B65C32EC2B7E08F300496DC8 /* AppTabViewCorner.swift */,
				B67257662B7E14CA00EC12AE /* AppTabBarUtils.swift */,
			);
			path = Utilities;
			sourceTree = "<group>";
		};
		B69C5A612B74C29900059D36 /* Resources */ = {
			isa = PBXGroup;
			children = (
				B6D9B14F2B74B8B900B1EAF6 /* Assets.xcassets */,
			);
			path = Resources;
			sourceTree = "<group>";
		};
		B69C5A622B74C2A500059D36 /* API */ = {
			isa = PBXGroup;
			children = (
			);
			path = API;
			sourceTree = "<group>";
		};
		B69C5A632B74C2AA00059D36 /* CoreData */ = {
			isa = PBXGroup;
			children = (
				B6D9B1542B74B8B900B1EAF6 /* Persistence.swift */,
				B6D9B1562B74B8B900B1EAF6 /* Space_News.xcdatamodeld */,
			);
			path = CoreData;
			sourceTree = "<group>";
		};
		B6ABF5D52B74CF72008AA872 /* Onboarding */ = {
			isa = PBXGroup;
			children = (
				B6ABF5D82B74CF95008AA872 /* Views */,
				B6ABF5D72B74CF89008AA872 /* ViewModels */,
				B6ABF5D62B74CF7B008AA872 /* Models */,
			);
			path = Onboarding;
			sourceTree = "<group>";
		};
		B6ABF5D62B74CF7B008AA872 /* Models */ = {
			isa = PBXGroup;
			children = (
			);
			path = Models;
			sourceTree = "<group>";
		};
		B6ABF5D72B74CF89008AA872 /* ViewModels */ = {
			isa = PBXGroup;
			children = (
			);
			path = ViewModels;
			sourceTree = "<group>";
		};
		B6ABF5D82B74CF95008AA872 /* Views */ = {
			isa = PBXGroup;
			children = (
				B6ABF5D92B74CFA7008AA872 /* OnboardingView.swift */,
				B66A42C32B74D765004568DD /* OnboardingUtils.swift */,
			);
			path = Views;
			sourceTree = "<group>";
		};
		B6BFC3C82B7A19DC00AE7D83 /* Explore */ = {
			isa = PBXGroup;
			children = (
				B64DB4D32B7A20BA0006660D /* Views */,
				B6BFC3CA2B7A19EC00AE7D83 /* ViewModels */,
				B6BFC3C92B7A19E600AE7D83 /* Models */,
			);
			path = Explore;
			sourceTree = "<group>";
		};
		B6BFC3C92B7A19E600AE7D83 /* Models */ = {
			isa = PBXGroup;
			children = (
			);
			path = Models;
			sourceTree = "<group>";
		};
		B6BFC3CA2B7A19EC00AE7D83 /* ViewModels */ = {
			isa = PBXGroup;
			children = (
			);
			path = ViewModels;
			sourceTree = "<group>";
		};
		B6D9B13F2B74B8B700B1EAF6 = {
			isa = PBXGroup;
			children = (
				B6D9B14A2B74B8B700B1EAF6 /* Space News */,
				B6D9B1602B74B8BA00B1EAF6 /* Space NewsTests */,
				B6D9B16A2B74B8BA00B1EAF6 /* Space NewsUITests */,
				B6D9B1492B74B8B700B1EAF6 /* Products */,
			);
			sourceTree = "<group>";
		};
		B6D9B1492B74B8B700B1EAF6 /* Products */ = {
			isa = PBXGroup;
			children = (
				B6D9B1482B74B8B700B1EAF6 /* Space News.app */,
				B6D9B15D2B74B8BA00B1EAF6 /* Space NewsTests.xctest */,
				B6D9B1672B74B8BA00B1EAF6 /* Space NewsUITests.xctest */,
			);
			name = Products;
			sourceTree = "<group>";
		};
		B6D9B14A2B74B8B700B1EAF6 /* Space News */ = {
			isa = PBXGroup;
			children = (
				B69C5A5D2B74C26D00059D36 /* Application */,
				B69C5A5F2B74C27B00059D36 /* Features */,
				B69C5A602B74C28200059D36 /* Utilities */,
				B69C5A5E2B74C27400059D36 /* DataSources */,
				B69C5A612B74C29900059D36 /* Resources */,
				B6D9B1512B74B8B900B1EAF6 /* Preview Content */,
			);
			path = "Space News";
			sourceTree = "<group>";
		};
		B6D9B1512B74B8B900B1EAF6 /* Preview Content */ = {
			isa = PBXGroup;
			children = (
				B6D9B1522B74B8B900B1EAF6 /* Preview Assets.xcassets */,
			);
			path = "Preview Content";
			sourceTree = "<group>";
		};
		B6D9B1602B74B8BA00B1EAF6 /* Space NewsTests */ = {
			isa = PBXGroup;
			children = (
				B6D9B1612B74B8BA00B1EAF6 /* Space_NewsTests.swift */,
			);
			path = "Space NewsTests";
			sourceTree = "<group>";
		};
		B6D9B16A2B74B8BA00B1EAF6 /* Space NewsUITests */ = {
			isa = PBXGroup;
			children = (
				B6D9B16B2B74B8BA00B1EAF6 /* Space_NewsUITests.swift */,
				B6D9B16D2B74B8BA00B1EAF6 /* Space_NewsUITestsLaunchTests.swift */,
			);
			path = "Space NewsUITests";
			sourceTree = "<group>";
		};
		B6F8AEC12B78B78A00B03F16 /* Initial */ = {
			isa = PBXGroup;
			children = (
				B6F8AEC42B78B7A300B03F16 /* Views */,
				B6F8AEC32B78B79D00B03F16 /* ViewModels */,
				B6F8AEC22B78B79800B03F16 /* Models */,
			);
			path = Initial;
			sourceTree = "<group>";
		};
		B6F8AEC22B78B79800B03F16 /* Models */ = {
			isa = PBXGroup;
			children = (
			);
			path = Models;
			sourceTree = "<group>";
		};
		B6F8AEC32B78B79D00B03F16 /* ViewModels */ = {
			isa = PBXGroup;
			children = (
			);
			path = ViewModels;
			sourceTree = "<group>";
		};
		B6F8AEC42B78B7A300B03F16 /* Views */ = {
			isa = PBXGroup;
			children = (
				B6F8AEC52B78B7B300B03F16 /* InitialView.swift */,
			);
			path = Views;
			sourceTree = "<group>";
		};
		B6F8AEC72B78B7C400B03F16 /* Home */ = {
			isa = PBXGroup;
			children = (
				B6F8AECA2B78B7E200B03F16 /* Views */,
				B6F8AEC92B78B7DA00B03F16 /* ViewModels */,
				B6F8AEC82B78B7D300B03F16 /* Models */,
			);
			path = Home;
			sourceTree = "<group>";
		};
		B6F8AEC82B78B7D300B03F16 /* Models */ = {
			isa = PBXGroup;
			children = (
			);
			path = Models;
			sourceTree = "<group>";
		};
		B6F8AEC92B78B7DA00B03F16 /* ViewModels */ = {
			isa = PBXGroup;
			children = (
			);
			path = ViewModels;
			sourceTree = "<group>";
		};
		B6F8AECA2B78B7E200B03F16 /* Views */ = {
			isa = PBXGroup;
			children = (
				B6F8AECB2B78B7ED00B03F16 /* HomeView.swift */,
				B6E1EBF72B7B7CC2008A69DD /* NewsCategory.swift */,
				B60D7C702B7CBCB900567808 /* DetailView.swift */,
			);
			path = Views;
			sourceTree = "<group>";
		};
/* End PBXGroup section */

/* Begin PBXNativeTarget section */
		B6D9B1472B74B8B700B1EAF6 /* Space News */ = {
			isa = PBXNativeTarget;
			buildConfigurationList = B6D9B1712B74B8BA00B1EAF6 /* Build configuration list for PBXNativeTarget "Space News" */;
			buildPhases = (
				B6D9B1442B74B8B700B1EAF6 /* Sources */,
				B6D9B1452B74B8B700B1EAF6 /* Frameworks */,
				B6D9B1462B74B8B700B1EAF6 /* Resources */,
			);
			buildRules = (
			);
			dependencies = (
			);
			name = "Space News";
			packageProductDependencies = (
				B69C5A652B74C3FB00059D36 /* Inject */,
			);
			productName = "Space News";
			productReference = B6D9B1482B74B8B700B1EAF6 /* Space News.app */;
			productType = "com.apple.product-type.application";
		};
		B6D9B15C2B74B8BA00B1EAF6 /* Space NewsTests */ = {
			isa = PBXNativeTarget;
			buildConfigurationList = B6D9B1742B74B8BA00B1EAF6 /* Build configuration list for PBXNativeTarget "Space NewsTests" */;
			buildPhases = (
				B6D9B1592B74B8BA00B1EAF6 /* Sources */,
				B6D9B15A2B74B8BA00B1EAF6 /* Frameworks */,
				B6D9B15B2B74B8BA00B1EAF6 /* Resources */,
			);
			buildRules = (
			);
			dependencies = (
				B6D9B15F2B74B8BA00B1EAF6 /* PBXTargetDependency */,
			);
			name = "Space NewsTests";
			productName = "Space NewsTests";
			productReference = B6D9B15D2B74B8BA00B1EAF6 /* Space NewsTests.xctest */;
			productType = "com.apple.product-type.bundle.unit-test";
		};
		B6D9B1662B74B8BA00B1EAF6 /* Space NewsUITests */ = {
			isa = PBXNativeTarget;
			buildConfigurationList = B6D9B1772B74B8BA00B1EAF6 /* Build configuration list for PBXNativeTarget "Space NewsUITests" */;
			buildPhases = (
				B6D9B1632B74B8BA00B1EAF6 /* Sources */,
				B6D9B1642B74B8BA00B1EAF6 /* Frameworks */,
				B6D9B1652B74B8BA00B1EAF6 /* Resources */,
			);
			buildRules = (
			);
			dependencies = (
				B6D9B1692B74B8BA00B1EAF6 /* PBXTargetDependency */,
			);
			name = "Space NewsUITests";
			productName = "Space NewsUITests";
			productReference = B6D9B1672B74B8BA00B1EAF6 /* Space NewsUITests.xctest */;
			productType = "com.apple.product-type.bundle.ui-testing";
		};
/* End PBXNativeTarget section */

/* Begin PBXProject section */
		B6D9B1402B74B8B700B1EAF6 /* Project object */ = {
			isa = PBXProject;
			attributes = {
				BuildIndependentTargetsInParallel = 1;
				LastSwiftUpdateCheck = 1520;
				LastUpgradeCheck = 1520;
				TargetAttributes = {
					B6D9B1472B74B8B700B1EAF6 = {
						CreatedOnToolsVersion = 15.2;
					};
					B6D9B15C2B74B8BA00B1EAF6 = {
						CreatedOnToolsVersion = 15.2;
						TestTargetID = B6D9B1472B74B8B700B1EAF6;
					};
					B6D9B1662B74B8BA00B1EAF6 = {
						CreatedOnToolsVersion = 15.2;
						TestTargetID = B6D9B1472B74B8B700B1EAF6;
					};
				};
			};
			buildConfigurationList = B6D9B1432B74B8B700B1EAF6 /* Build configuration list for PBXProject "Space News" */;
			compatibilityVersion = "Xcode 14.0";
			developmentRegion = en;
			hasScannedForEncodings = 0;
			knownRegions = (
				en,
				Base,
			);
			mainGroup = B6D9B13F2B74B8B700B1EAF6;
			packageReferences = (
				B69C5A642B74C3FB00059D36 /* XCRemoteSwiftPackageReference "Inject" */,
			);
			productRefGroup = B6D9B1492B74B8B700B1EAF6 /* Products */;
			projectDirPath = "";
			projectRoot = "";
			targets = (
				B6D9B1472B74B8B700B1EAF6 /* Space News */,
				B6D9B15C2B74B8BA00B1EAF6 /* Space NewsTests */,
				B6D9B1662B74B8BA00B1EAF6 /* Space NewsUITests */,
			);
		};
/* End PBXProject section */

/* Begin PBXResourcesBuildPhase section */
		B6D9B1462B74B8B700B1EAF6 /* Resources */ = {
			isa = PBXResourcesBuildPhase;
			buildActionMask = 2147483647;
			files = (
				B6D9B1532B74B8B900B1EAF6 /* Preview Assets.xcassets in Resources */,
				B6D9B1502B74B8B900B1EAF6 /* Assets.xcassets in Resources */,
			);
			runOnlyForDeploymentPostprocessing = 0;
		};
		B6D9B15B2B74B8BA00B1EAF6 /* Resources */ = {
			isa = PBXResourcesBuildPhase;
			buildActionMask = 2147483647;
			files = (
			);
			runOnlyForDeploymentPostprocessing = 0;
		};
		B6D9B1652B74B8BA00B1EAF6 /* Resources */ = {
			isa = PBXResourcesBuildPhase;
			buildActionMask = 2147483647;
			files = (
			);
			runOnlyForDeploymentPostprocessing = 0;
		};
/* End PBXResourcesBuildPhase section */

/* Begin PBXSourcesBuildPhase section */
		B6D9B1442B74B8B700B1EAF6 /* Sources */ = {
			isa = PBXSourcesBuildPhase;
			buildActionMask = 2147483647;
			files = (
				B662240F2B7DFDC50081D366 /* AppCircleTabViewItem.swift in Sources */,
				B68EACE02B7A1C3000F30CAE /* AccountView.swift in Sources */,
				B68EACE22B7A1C3D00F30CAE /* FavoritesView.swift in Sources */,
				B6D9B1552B74B8B900B1EAF6 /* Persistence.swift in Sources */,
				B6D9B14C2B74B8B700B1EAF6 /* Space_NewsApp.swift in Sources */,
				B66A42C42B74D765004568DD /* OnboardingUtils.swift in Sources */,
				B66A42C62B74E540004568DD /* AppButton.swift in Sources */,
				B64DB4D52B7A20C60006660D /* ExploreView.swift in Sources */,
				B60296912B7A15340039B86A /* AppFlatTabViewItem.swift in Sources */,
				B60D7C712B7CBCB900567808 /* DetailView.swift in Sources */,
				B6ABF5DA2B74CFA7008AA872 /* OnboardingView.swift in Sources */,
				B6F8AECC2B78B7ED00B03F16 /* HomeView.swift in Sources */,
				B67257672B7E14CB00EC12AE /* AppTabBarUtils.swift in Sources */,
				B65522D32B7B80F800E10DFD /* AppCardCarousel.swift in Sources */,
				B6F8AEC62B78B7B300B03F16 /* InitialView.swift in Sources */,
				B6E1EBF82B7B7CC2008A69DD /* NewsCategory.swift in Sources */,
				B66224132B7DFE5A0081D366 /* AppTabViewCategory.swift in Sources */,
				B6D1D9A02B80AE99006302FA /* DashboardView.swift in Sources */,
				B6D9B1582B74B8B900B1EAF6 /* Space_News.xcdatamodeld in Sources */,
				B65C32ED2B7E08F300496DC8 /* AppTabViewCorner.swift in Sources */,
			);
			runOnlyForDeploymentPostprocessing = 0;
		};
		B6D9B1592B74B8BA00B1EAF6 /* Sources */ = {
			isa = PBXSourcesBuildPhase;
			buildActionMask = 2147483647;
			files = (
				B6D9B1622B74B8BA00B1EAF6 /* Space_NewsTests.swift in Sources */,
			);
			runOnlyForDeploymentPostprocessing = 0;
		};
		B6D9B1632B74B8BA00B1EAF6 /* Sources */ = {
			isa = PBXSourcesBuildPhase;
			buildActionMask = 2147483647;
			files = (
				B6D9B16E2B74B8BA00B1EAF6 /* Space_NewsUITestsLaunchTests.swift in Sources */,
				B6D9B16C2B74B8BA00B1EAF6 /* Space_NewsUITests.swift in Sources */,
			);
			runOnlyForDeploymentPostprocessing = 0;
		};
/* End PBXSourcesBuildPhase section */

/* Begin PBXTargetDependency section */
		B6D9B15F2B74B8BA00B1EAF6 /* PBXTargetDependency */ = {
			isa = PBXTargetDependency;
			target = B6D9B1472B74B8B700B1EAF6 /* Space News */;
			targetProxy = B6D9B15E2B74B8BA00B1EAF6 /* PBXContainerItemProxy */;
		};
		B6D9B1692B74B8BA00B1EAF6 /* PBXTargetDependency */ = {
			isa = PBXTargetDependency;
			target = B6D9B1472B74B8B700B1EAF6 /* Space News */;
			targetProxy = B6D9B1682B74B8BA00B1EAF6 /* PBXContainerItemProxy */;
		};
/* End PBXTargetDependency section */

/* Begin XCBuildConfiguration section */
		B6D9B16F2B74B8BA00B1EAF6 /* Debug */ = {
			isa = XCBuildConfiguration;
			buildSettings = {
				ALWAYS_SEARCH_USER_PATHS = NO;
				ASSETCATALOG_COMPILER_GENERATE_SWIFT_ASSET_SYMBOL_EXTENSIONS = YES;
				CLANG_ANALYZER_NONNULL = YES;
				CLANG_ANALYZER_NUMBER_OBJECT_CONVERSION = YES_AGGRESSIVE;
				CLANG_CXX_LANGUAGE_STANDARD = "gnu++20";
				CLANG_ENABLE_MODULES = YES;
				CLANG_ENABLE_OBJC_ARC = YES;
				CLANG_ENABLE_OBJC_WEAK = YES;
				CLANG_WARN_BLOCK_CAPTURE_AUTORELEASING = YES;
				CLANG_WARN_BOOL_CONVERSION = YES;
				CLANG_WARN_COMMA = YES;
				CLANG_WARN_CONSTANT_CONVERSION = YES;
				CLANG_WARN_DEPRECATED_OBJC_IMPLEMENTATIONS = YES;
				CLANG_WARN_DIRECT_OBJC_ISA_USAGE = YES_ERROR;
				CLANG_WARN_DOCUMENTATION_COMMENTS = YES;
				CLANG_WARN_EMPTY_BODY = YES;
				CLANG_WARN_ENUM_CONVERSION = YES;
				CLANG_WARN_INFINITE_RECURSION = YES;
				CLANG_WARN_INT_CONVERSION = YES;
				CLANG_WARN_NON_LITERAL_NULL_CONVERSION = YES;
				CLANG_WARN_OBJC_IMPLICIT_RETAIN_SELF = YES;
				CLANG_WARN_OBJC_LITERAL_CONVERSION = YES;
				CLANG_WARN_OBJC_ROOT_CLASS = YES_ERROR;
				CLANG_WARN_QUOTED_INCLUDE_IN_FRAMEWORK_HEADER = YES;
				CLANG_WARN_RANGE_LOOP_ANALYSIS = YES;
				CLANG_WARN_STRICT_PROTOTYPES = YES;
				CLANG_WARN_SUSPICIOUS_MOVE = YES;
				CLANG_WARN_UNGUARDED_AVAILABILITY = YES_AGGRESSIVE;
				CLANG_WARN_UNREACHABLE_CODE = YES;
				CLANG_WARN__DUPLICATE_METHOD_MATCH = YES;
				COPY_PHASE_STRIP = NO;
				DEBUG_INFORMATION_FORMAT = dwarf;
				ENABLE_STRICT_OBJC_MSGSEND = YES;
				ENABLE_TESTABILITY = YES;
				ENABLE_USER_SCRIPT_SANDBOXING = YES;
				GCC_C_LANGUAGE_STANDARD = gnu17;
				GCC_DYNAMIC_NO_PIC = NO;
				GCC_NO_COMMON_BLOCKS = YES;
				GCC_OPTIMIZATION_LEVEL = 0;
				GCC_PREPROCESSOR_DEFINITIONS = (
					"DEBUG=1",
					"$(inherited)",
				);
				GCC_WARN_64_TO_32_BIT_CONVERSION = YES;
				GCC_WARN_ABOUT_RETURN_TYPE = YES_ERROR;
				GCC_WARN_UNDECLARED_SELECTOR = YES;
				GCC_WARN_UNINITIALIZED_AUTOS = YES_AGGRESSIVE;
				GCC_WARN_UNUSED_FUNCTION = YES;
				GCC_WARN_UNUSED_VARIABLE = YES;
				IPHONEOS_DEPLOYMENT_TARGET = 17.2;
				LOCALIZATION_PREFERS_STRING_CATALOGS = YES;
				MTL_ENABLE_DEBUG_INFO = INCLUDE_SOURCE;
				MTL_FAST_MATH = YES;
				ONLY_ACTIVE_ARCH = YES;
				SDKROOT = iphoneos;
				SWIFT_ACTIVE_COMPILATION_CONDITIONS = "DEBUG $(inherited)";
				SWIFT_OPTIMIZATION_LEVEL = "-Onone";
			};
			name = Debug;
		};
		B6D9B1702B74B8BA00B1EAF6 /* Release */ = {
			isa = XCBuildConfiguration;
			buildSettings = {
				ALWAYS_SEARCH_USER_PATHS = NO;
				ASSETCATALOG_COMPILER_GENERATE_SWIFT_ASSET_SYMBOL_EXTENSIONS = YES;
				CLANG_ANALYZER_NONNULL = YES;
				CLANG_ANALYZER_NUMBER_OBJECT_CONVERSION = YES_AGGRESSIVE;
				CLANG_CXX_LANGUAGE_STANDARD = "gnu++20";
				CLANG_ENABLE_MODULES = YES;
				CLANG_ENABLE_OBJC_ARC = YES;
				CLANG_ENABLE_OBJC_WEAK = YES;
				CLANG_WARN_BLOCK_CAPTURE_AUTORELEASING = YES;
				CLANG_WARN_BOOL_CONVERSION = YES;
				CLANG_WARN_COMMA = YES;
				CLANG_WARN_CONSTANT_CONVERSION = YES;
				CLANG_WARN_DEPRECATED_OBJC_IMPLEMENTATIONS = YES;
				CLANG_WARN_DIRECT_OBJC_ISA_USAGE = YES_ERROR;
				CLANG_WARN_DOCUMENTATION_COMMENTS = YES;
				CLANG_WARN_EMPTY_BODY = YES;
				CLANG_WARN_ENUM_CONVERSION = YES;
				CLANG_WARN_INFINITE_RECURSION = YES;
				CLANG_WARN_INT_CONVERSION = YES;
				CLANG_WARN_NON_LITERAL_NULL_CONVERSION = YES;
				CLANG_WARN_OBJC_IMPLICIT_RETAIN_SELF = YES;
				CLANG_WARN_OBJC_LITERAL_CONVERSION = YES;
				CLANG_WARN_OBJC_ROOT_CLASS = YES_ERROR;
				CLANG_WARN_QUOTED_INCLUDE_IN_FRAMEWORK_HEADER = YES;
				CLANG_WARN_RANGE_LOOP_ANALYSIS = YES;
				CLANG_WARN_STRICT_PROTOTYPES = YES;
				CLANG_WARN_SUSPICIOUS_MOVE = YES;
				CLANG_WARN_UNGUARDED_AVAILABILITY = YES_AGGRESSIVE;
				CLANG_WARN_UNREACHABLE_CODE = YES;
				CLANG_WARN__DUPLICATE_METHOD_MATCH = YES;
				COPY_PHASE_STRIP = NO;
				DEBUG_INFORMATION_FORMAT = "dwarf-with-dsym";
				ENABLE_NS_ASSERTIONS = NO;
				ENABLE_STRICT_OBJC_MSGSEND = YES;
				ENABLE_USER_SCRIPT_SANDBOXING = YES;
				GCC_C_LANGUAGE_STANDARD = gnu17;
				GCC_NO_COMMON_BLOCKS = YES;
				GCC_WARN_64_TO_32_BIT_CONVERSION = YES;
				GCC_WARN_ABOUT_RETURN_TYPE = YES_ERROR;
				GCC_WARN_UNDECLARED_SELECTOR = YES;
				GCC_WARN_UNINITIALIZED_AUTOS = YES_AGGRESSIVE;
				GCC_WARN_UNUSED_FUNCTION = YES;
				GCC_WARN_UNUSED_VARIABLE = YES;
				IPHONEOS_DEPLOYMENT_TARGET = 17.2;
				LOCALIZATION_PREFERS_STRING_CATALOGS = YES;
				MTL_ENABLE_DEBUG_INFO = NO;
				MTL_FAST_MATH = YES;
				SDKROOT = iphoneos;
				SWIFT_COMPILATION_MODE = wholemodule;
				VALIDATE_PRODUCT = YES;
			};
			name = Release;
		};
		B6D9B1722B74B8BA00B1EAF6 /* Debug */ = {
			isa = XCBuildConfiguration;
			buildSettings = {
				ASSETCATALOG_COMPILER_APPICON_NAME = AppIcon;
				ASSETCATALOG_COMPILER_GLOBAL_ACCENT_COLOR_NAME = AccentColor;
				CODE_SIGN_STYLE = Automatic;
				CURRENT_PROJECT_VERSION = 1;
				DEVELOPMENT_ASSET_PATHS = "\"Space News/Preview Content\"";
				DEVELOPMENT_TEAM = 2N64875GLV;
				ENABLE_PREVIEWS = YES;
				ENABLE_USER_SCRIPT_SANDBOXING = NO;
				GENERATE_INFOPLIST_FILE = YES;
				INFOPLIST_KEY_UIApplicationSceneManifest_Generation = YES;
				INFOPLIST_KEY_UIApplicationSupportsIndirectInputEvents = YES;
				INFOPLIST_KEY_UILaunchScreen_Generation = YES;
				INFOPLIST_KEY_UISupportedInterfaceOrientations = UIInterfaceOrientationPortrait;
				INFOPLIST_KEY_UISupportedInterfaceOrientations_iPad = "UIInterfaceOrientationLandscapeLeft UIInterfaceOrientationLandscapeRight UIInterfaceOrientationPortrait UIInterfaceOrientationPortraitUpsideDown";
				IPHONEOS_DEPLOYMENT_TARGET = 15.0;
				LD_RUNPATH_SEARCH_PATHS = (
					"$(inherited)",
					"@executable_path/Frameworks",
				);
				MARKETING_VERSION = 1.0;
				OTHER_LDFLAGS = (
					"-Xlinker",
					"-interposable",
				);
				PRODUCT_BUNDLE_IDENTIFIER = "com.github.bengidev.Space-News";
				PRODUCT_NAME = "$(TARGET_NAME)";
				SUPPORTED_PLATFORMS = "iphoneos iphonesimulator";
				SUPPORTS_MACCATALYST = NO;
				SUPPORTS_MAC_DESIGNED_FOR_IPHONE_IPAD = NO;
				SUPPORTS_XR_DESIGNED_FOR_IPHONE_IPAD = NO;
				SWIFT_EMIT_LOC_STRINGS = YES;
				SWIFT_VERSION = 5.0;
				TARGETED_DEVICE_FAMILY = 1;
			};
			name = Debug;
		};
		B6D9B1732B74B8BA00B1EAF6 /* Release */ = {
			isa = XCBuildConfiguration;
			buildSettings = {
				ASSETCATALOG_COMPILER_APPICON_NAME = AppIcon;
				ASSETCATALOG_COMPILER_GLOBAL_ACCENT_COLOR_NAME = AccentColor;
				CODE_SIGN_STYLE = Automatic;
				CURRENT_PROJECT_VERSION = 1;
				DEVELOPMENT_ASSET_PATHS = "\"Space News/Preview Content\"";
				DEVELOPMENT_TEAM = 2N64875GLV;
				ENABLE_PREVIEWS = YES;
				ENABLE_USER_SCRIPT_SANDBOXING = NO;
				GENERATE_INFOPLIST_FILE = YES;
				INFOPLIST_KEY_UIApplicationSceneManifest_Generation = YES;
				INFOPLIST_KEY_UIApplicationSupportsIndirectInputEvents = YES;
				INFOPLIST_KEY_UILaunchScreen_Generation = YES;
				INFOPLIST_KEY_UISupportedInterfaceOrientations = UIInterfaceOrientationPortrait;
				INFOPLIST_KEY_UISupportedInterfaceOrientations_iPad = "UIInterfaceOrientationLandscapeLeft UIInterfaceOrientationLandscapeRight UIInterfaceOrientationPortrait UIInterfaceOrientationPortraitUpsideDown";
				IPHONEOS_DEPLOYMENT_TARGET = 15.0;
				LD_RUNPATH_SEARCH_PATHS = (
					"$(inherited)",
					"@executable_path/Frameworks",
				);
				MARKETING_VERSION = 1.0;
				OTHER_LDFLAGS = (
					"-Xlinker",
					"-interposable",
				);
				PRODUCT_BUNDLE_IDENTIFIER = "com.github.bengidev.Space-News";
				PRODUCT_NAME = "$(TARGET_NAME)";
				SUPPORTED_PLATFORMS = "iphoneos iphonesimulator";
				SUPPORTS_MACCATALYST = NO;
				SUPPORTS_MAC_DESIGNED_FOR_IPHONE_IPAD = NO;
				SUPPORTS_XR_DESIGNED_FOR_IPHONE_IPAD = NO;
				SWIFT_EMIT_LOC_STRINGS = YES;
				SWIFT_VERSION = 5.0;
				TARGETED_DEVICE_FAMILY = 1;
			};
			name = Release;
		};
		B6D9B1752B74B8BA00B1EAF6 /* Debug */ = {
			isa = XCBuildConfiguration;
			buildSettings = {
				ALWAYS_EMBED_SWIFT_STANDARD_LIBRARIES = YES;
				BUNDLE_LOADER = "$(TEST_HOST)";
				CODE_SIGN_STYLE = Automatic;
				CURRENT_PROJECT_VERSION = 1;
				DEVELOPMENT_TEAM = 2N64875GLV;
				GENERATE_INFOPLIST_FILE = YES;
				IPHONEOS_DEPLOYMENT_TARGET = 15.0;
				MARKETING_VERSION = 1.0;
				PRODUCT_BUNDLE_IDENTIFIER = "com.github.bengidev.Space-NewsTests";
				PRODUCT_NAME = "$(TARGET_NAME)";
				SUPPORTED_PLATFORMS = "iphoneos iphonesimulator";
				SUPPORTS_MACCATALYST = NO;
				SUPPORTS_MAC_DESIGNED_FOR_IPHONE_IPAD = NO;
				SUPPORTS_XR_DESIGNED_FOR_IPHONE_IPAD = NO;
				SWIFT_EMIT_LOC_STRINGS = NO;
				SWIFT_VERSION = 5.0;
				TARGETED_DEVICE_FAMILY = 1;
				TEST_HOST = "$(BUILT_PRODUCTS_DIR)/Space News.app/$(BUNDLE_EXECUTABLE_FOLDER_PATH)/Space News";
			};
			name = Debug;
		};
		B6D9B1762B74B8BA00B1EAF6 /* Release */ = {
			isa = XCBuildConfiguration;
			buildSettings = {
				ALWAYS_EMBED_SWIFT_STANDARD_LIBRARIES = YES;
				BUNDLE_LOADER = "$(TEST_HOST)";
				CODE_SIGN_STYLE = Automatic;
				CURRENT_PROJECT_VERSION = 1;
				DEVELOPMENT_TEAM = 2N64875GLV;
				GENERATE_INFOPLIST_FILE = YES;
				IPHONEOS_DEPLOYMENT_TARGET = 15.0;
				MARKETING_VERSION = 1.0;
				PRODUCT_BUNDLE_IDENTIFIER = "com.github.bengidev.Space-NewsTests";
				PRODUCT_NAME = "$(TARGET_NAME)";
				SUPPORTED_PLATFORMS = "iphoneos iphonesimulator";
				SUPPORTS_MACCATALYST = NO;
				SUPPORTS_MAC_DESIGNED_FOR_IPHONE_IPAD = NO;
				SUPPORTS_XR_DESIGNED_FOR_IPHONE_IPAD = NO;
				SWIFT_EMIT_LOC_STRINGS = NO;
				SWIFT_VERSION = 5.0;
				TARGETED_DEVICE_FAMILY = 1;
				TEST_HOST = "$(BUILT_PRODUCTS_DIR)/Space News.app/$(BUNDLE_EXECUTABLE_FOLDER_PATH)/Space News";
			};
			name = Release;
		};
		B6D9B1782B74B8BA00B1EAF6 /* Debug */ = {
			isa = XCBuildConfiguration;
			buildSettings = {
				ALWAYS_EMBED_SWIFT_STANDARD_LIBRARIES = YES;
				CODE_SIGN_STYLE = Automatic;
				CURRENT_PROJECT_VERSION = 1;
				DEVELOPMENT_TEAM = 2N64875GLV;
				GENERATE_INFOPLIST_FILE = YES;
				IPHONEOS_DEPLOYMENT_TARGET = 15.0;
				MARKETING_VERSION = 1.0;
				PRODUCT_BUNDLE_IDENTIFIER = "com.github.bengidev.Space-NewsUITests";
				PRODUCT_NAME = "$(TARGET_NAME)";
				SUPPORTED_PLATFORMS = "iphoneos iphonesimulator";
				SUPPORTS_MACCATALYST = NO;
				SUPPORTS_MAC_DESIGNED_FOR_IPHONE_IPAD = NO;
				SUPPORTS_XR_DESIGNED_FOR_IPHONE_IPAD = NO;
				SWIFT_EMIT_LOC_STRINGS = NO;
				SWIFT_VERSION = 5.0;
				TARGETED_DEVICE_FAMILY = 1;
				TEST_TARGET_NAME = "Space News";
			};
			name = Debug;
		};
		B6D9B1792B74B8BA00B1EAF6 /* Release */ = {
			isa = XCBuildConfiguration;
			buildSettings = {
				ALWAYS_EMBED_SWIFT_STANDARD_LIBRARIES = YES;
				CODE_SIGN_STYLE = Automatic;
				CURRENT_PROJECT_VERSION = 1;
				DEVELOPMENT_TEAM = 2N64875GLV;
				GENERATE_INFOPLIST_FILE = YES;
				IPHONEOS_DEPLOYMENT_TARGET = 15.0;
				MARKETING_VERSION = 1.0;
				PRODUCT_BUNDLE_IDENTIFIER = "com.github.bengidev.Space-NewsUITests";
				PRODUCT_NAME = "$(TARGET_NAME)";
				SUPPORTED_PLATFORMS = "iphoneos iphonesimulator";
				SUPPORTS_MACCATALYST = NO;
				SUPPORTS_MAC_DESIGNED_FOR_IPHONE_IPAD = NO;
				SUPPORTS_XR_DESIGNED_FOR_IPHONE_IPAD = NO;
				SWIFT_EMIT_LOC_STRINGS = NO;
				SWIFT_VERSION = 5.0;
				TARGETED_DEVICE_FAMILY = 1;
				TEST_TARGET_NAME = "Space News";
			};
			name = Release;
		};
/* End XCBuildConfiguration section */

/* Begin XCConfigurationList section */
		B6D9B1432B74B8B700B1EAF6 /* Build configuration list for PBXProject "Space News" */ = {
			isa = XCConfigurationList;
			buildConfigurations = (
				B6D9B16F2B74B8BA00B1EAF6 /* Debug */,
				B6D9B1702B74B8BA00B1EAF6 /* Release */,
			);
			defaultConfigurationIsVisible = 0;
			defaultConfigurationName = Release;
		};
		B6D9B1712B74B8BA00B1EAF6 /* Build configuration list for PBXNativeTarget "Space News" */ = {
			isa = XCConfigurationList;
			buildConfigurations = (
				B6D9B1722B74B8BA00B1EAF6 /* Debug */,
				B6D9B1732B74B8BA00B1EAF6 /* Release */,
			);
			defaultConfigurationIsVisible = 0;
			defaultConfigurationName = Release;
		};
		B6D9B1742B74B8BA00B1EAF6 /* Build configuration list for PBXNativeTarget "Space NewsTests" */ = {
			isa = XCConfigurationList;
			buildConfigurations = (
				B6D9B1752B74B8BA00B1EAF6 /* Debug */,
				B6D9B1762B74B8BA00B1EAF6 /* Release */,
			);
			defaultConfigurationIsVisible = 0;
			defaultConfigurationName = Release;
		};
		B6D9B1772B74B8BA00B1EAF6 /* Build configuration list for PBXNativeTarget "Space NewsUITests" */ = {
			isa = XCConfigurationList;
			buildConfigurations = (
				B6D9B1782B74B8BA00B1EAF6 /* Debug */,
				B6D9B1792B74B8BA00B1EAF6 /* Release */,
			);
			defaultConfigurationIsVisible = 0;
			defaultConfigurationName = Release;
		};
/* End XCConfigurationList section */

/* Begin XCRemoteSwiftPackageReference section */
		B69C5A642B74C3FB00059D36 /* XCRemoteSwiftPackageReference "Inject" */ = {
			isa = XCRemoteSwiftPackageReference;
			repositoryURL = "https://github.com/krzysztofzablocki/Inject";
			requirement = {
				kind = upToNextMajorVersion;
				minimumVersion = 1.3.0;
			};
		};
/* End XCRemoteSwiftPackageReference section */

/* Begin XCSwiftPackageProductDependency section */
		B69C5A652B74C3FB00059D36 /* Inject */ = {
			isa = XCSwiftPackageProductDependency;
			package = B69C5A642B74C3FB00059D36 /* XCRemoteSwiftPackageReference "Inject" */;
			productName = Inject;
		};
/* End XCSwiftPackageProductDependency section */

/* Begin XCVersionGroup section */
		B6D9B1562B74B8B900B1EAF6 /* Space_News.xcdatamodeld */ = {
			isa = XCVersionGroup;
			children = (
				B6D9B1572B74B8B900B1EAF6 /* Space_News.xcdatamodel */,
			);
			currentVersion = B6D9B1572B74B8B900B1EAF6 /* Space_News.xcdatamodel */;
			path = Space_News.xcdatamodeld;
			sourceTree = "<group>";
			versionGroupType = wrapper.xcdatamodel;
		};
/* End XCVersionGroup section */
	};
	rootObject = B6D9B1402B74B8B700B1EAF6 /* Project object */;
}
